// !$*UTF8*$!
{
	archiveVersion = 1;
	classes = {
	};
	objectVersion = 56;
	objects = {

/* Begin PBXBuildFile section */
		84110B102DE551E100DF91F2 /* AppDelegate.swift in Sources */ = {isa = PBXBuildFile; fileRef = 84110B0F2DE551E100DF91F2 /* AppDelegate.swift */; };
		84110B122DE551E100DF91F2 /* SceneDelegate.swift in Sources */ = {isa = PBXBuildFile; fileRef = 84110B112DE551E100DF91F2 /* SceneDelegate.swift */; };
		84110B142DE551E100DF91F2 /* ViewController.swift in Sources */ = {isa = PBXBuildFile; fileRef = 84110B132DE551E100DF91F2 /* ViewController.swift */; };
		84110B172DE551E100DF91F2 /* Main.storyboard in Resources */ = {isa = PBXBuildFile; fileRef = 84110B152DE551E100DF91F2 /* Main.storyboard */; };
		84110B192DE551E300DF91F2 /* Assets.xcassets in Resources */ = {isa = PBXBuildFile; fileRef = 84110B182DE551E300DF91F2 /* Assets.xcassets */; };
		84110B1C2DE551E300DF91F2 /* LaunchScreen.storyboard in Resources */ = {isa = PBXBuildFile; fileRef = 84110B1A2DE551E300DF91F2 /* LaunchScreen.storyboard */; };
		84110B272DE5533400DF91F2 /* File.swift in Sources */ = {isa = PBXBuildFile; fileRef = 84110B262DE5533400DF91F2 /* File.swift */; };
		84110B292DE5535400DF91F2 /* File.swift in Sources */ = {isa = PBXBuildFile; fileRef = 84110B282DE5535400DF91F2 /* File.swift */; };
		84110B2B2DE5537500DF91F2 /* File.swift in Sources */ = {isa = PBXBuildFile; fileRef = 84110B2A2DE5537500DF91F2 /* File.swift */; };
/* End PBXBuildFile section */

/* Begin PBXFileReference section */
		84110B0C2DE551E100DF91F2 /* FreshAlimi.app */ = {isa = PBXFileReference; explicitFileType = wrapper.application; includeInIndex = 0; path = FreshAlimi.app; sourceTree = BUILT_PRODUCTS_DIR; };
		84110B0F2DE551E100DF91F2 /* AppDelegate.swift */ = {isa = PBXFileReference; lastKnownFileType = sourcecode.swift; path = AppDelegate.swift; sourceTree = "<group>"; };
		84110B112DE551E100DF91F2 /* SceneDelegate.swift */ = {isa = PBXFileReference; lastKnownFileType = sourcecode.swift; path = SceneDelegate.swift; sourceTree = "<group>"; };
		84110B132DE551E100DF91F2 /* ViewController.swift */ = {isa = PBXFileReference; lastKnownFileType = sourcecode.swift; path = ViewController.swift; sourceTree = "<group>"; };
		84110B162DE551E100DF91F2 /* Base */ = {isa = PBXFileReference; lastKnownFileType = file.storyboard; name = Base; path = Base.lproj/Main.storyboard; sourceTree = "<group>"; };
		84110B182DE551E300DF91F2 /* Assets.xcassets */ = {isa = PBXFileReference; lastKnownFileType = folder.assetcatalog; path = Assets.xcassets; sourceTree = "<group>"; };
		84110B1B2DE551E300DF91F2 /* Base */ = {isa = PBXFileReference; lastKnownFileType = file.storyboard; name = Base; path = Base.lproj/LaunchScreen.storyboard; sourceTree = "<group>"; };
		84110B1D2DE551E300DF91F2 /* Info.plist */ = {isa = PBXFileReference; lastKnownFileType = text.plist.xml; path = Info.plist; sourceTree = "<group>"; };
		84110B262DE5533400DF91F2 /* File.swift */ = {isa = PBXFileReference; lastKnownFileType = sourcecode.swift; path = File.swift; sourceTree = "<group>"; };
		84110B282DE5535400DF91F2 /* File.swift */ = {isa = PBXFileReference; lastKnownFileType = sourcecode.swift; path = File.swift; sourceTree = "<group>"; };
		84110B2A2DE5537500DF91F2 /* File.swift */ = {isa = PBXFileReference; lastKnownFileType = sourcecode.swift; path = File.swift; sourceTree = "<group>"; };
/* End PBXFileReference section */

/* Begin PBXFrameworksBuildPhase section */
		84110B092DE551E100DF91F2 /* Frameworks */ = {
			isa = PBXFrameworksBuildPhase;
			buildActionMask = 2147483647;
			files = (
			);
			runOnlyForDeploymentPostprocessing = 0;
		};
/* End PBXFrameworksBuildPhase section */

/* Begin PBXGroup section */
		84110B032DE551E100DF91F2 = {
			isa = PBXGroup;
			children = (
				84110B252DE5526F00DF91F2 /* Views */,
				84110B242DE5526200DF91F2 /* ViewModels */,
				84110B232DE5525500DF91F2 /* Models */,
				84110B0E2DE551E100DF91F2 /* FreshAlimi */,
				84110B0D2DE551E100DF91F2 /* Products */,
			);
			sourceTree = "<group>";
		};
		84110B0D2DE551E100DF91F2 /* Products */ = {
			isa = PBXGroup;
			children = (
				84110B0C2DE551E100DF91F2 /* FreshAlimi.app */,
			);
			name = Products;
			sourceTree = "<group>";
		};
		84110B0E2DE551E100DF91F2 /* FreshAlimi */ = {
			isa = PBXGroup;
			children = (
				84110B0F2DE551E100DF91F2 /* AppDelegate.swift */,
				84110B112DE551E100DF91F2 /* SceneDelegate.swift */,
				84110B132DE551E100DF91F2 /* ViewController.swift */,
				84110B152DE551E100DF91F2 /* Main.storyboard */,
				84110B182DE551E300DF91F2 /* Assets.xcassets */,
				84110B1A2DE551E300DF91F2 /* LaunchScreen.storyboard */,
				84110B1D2DE551E300DF91F2 /* Info.plist */,
			);
			path = FreshAlimi;
			sourceTree = "<group>";
		};
		84110B232DE5525500DF91F2 /* Models */ = {
			isa = PBXGroup;
			children = (
				84110B262DE5533400DF91F2 /* File.swift */,
			);
			path = Models;
			sourceTree = "<group>";
		};
		84110B242DE5526200DF91F2 /* ViewModels */ = {
			isa = PBXGroup;
			children = (
				84110B282DE5535400DF91F2 /* File.swift */,
			);
			path = ViewModels;
			sourceTree = "<group>";
		};
		84110B252DE5526F00DF91F2 /* Views */ = {
			isa = PBXGroup;
			children = (
				84110B2A2DE5537500DF91F2 /* File.swift */,
			);
			path = Views;
			sourceTree = "<group>";
		};
/* End PBXGroup section */

/* Begin PBXNativeTarget section */
		84110B0B2DE551E100DF91F2 /* FreshAlimi */ = {
			isa = PBXNativeTarget;
			buildConfigurationList = 84110B202DE551E300DF91F2 /* Build configuration list for PBXNativeTarget "FreshAlimi" */;
			buildPhases = (
				84110B082DE551E100DF91F2 /* Sources */,
				84110B092DE551E100DF91F2 /* Frameworks */,
				84110B0A2DE551E100DF91F2 /* Resources */,
			);
			buildRules = (
			);
			dependencies = (
			);
			name = FreshAlimi;
			productName = FreshAlimi;
			productReference = 84110B0C2DE551E100DF91F2 /* FreshAlimi.app */;
			productType = "com.apple.product-type.application";
		};
/* End PBXNativeTarget section */

/* Begin PBXProject section */
		84110B042DE551E100DF91F2 /* Project object */ = {
			isa = PBXProject;
			attributes = {
				BuildIndependentTargetsInParallel = 1;
				LastSwiftUpdateCheck = 1500;
				LastUpgradeCheck = 1500;
				TargetAttributes = {
					84110B0B2DE551E100DF91F2 = {
						CreatedOnToolsVersion = 15.0.1;
					};
				};
			};
			buildConfigurationList = 84110B072DE551E100DF91F2 /* Build configuration list for PBXProject "FreshAlimi" */;
			compatibilityVersion = "Xcode 14.0";
			developmentRegion = en;
			hasScannedForEncodings = 0;
			knownRegions = (
				en,
				Base,
			);
			mainGroup = 84110B032DE551E100DF91F2;
			productRefGroup = 84110B0D2DE551E100DF91F2 /* Products */;
			projectDirPath = "";
			projectRoot = "";
			targets = (
				84110B0B2DE551E100DF91F2 /* FreshAlimi */,
			);
		};
/* End PBXProject section */

/* Begin PBXResourcesBuildPhase section */
		84110B0A2DE551E100DF91F2 /* Resources */ = {
			isa = PBXResourcesBuildPhase;
			buildActionMask = 2147483647;
			files = (
				84110B1C2DE551E300DF91F2 /* LaunchScreen.storyboard in Resources */,
				84110B192DE551E300DF91F2 /* Assets.xcassets in Resources */,
				84110B172DE551E100DF91F2 /* Main.storyboard in Resources */,
			);
			runOnlyForDeploymentPostprocessing = 0;
		};
/* End PBXResourcesBuildPhase section */

/* Begin PBXSourcesBuildPhase section */
		84110B082DE551E100DF91F2 /* Sources */ = {
			isa = PBXSourcesBuildPhase;
			buildActionMask = 2147483647;
			files = (
				84110B292DE5535400DF91F2 /* File.swift in Sources */,
				84110B2B2DE5537500DF91F2 /* File.swift in Sources */,
				84110B142DE551E100DF91F2 /* ViewController.swift in Sources */,
				84110B272DE5533400DF91F2 /* File.swift in Sources */,
				84110B102DE551E100DF91F2 /* AppDelegate.swift in Sources */,
				84110B122DE551E100DF91F2 /* SceneDelegate.swift in Sources */,
			);
			runOnlyForDeploymentPostprocessing = 0;
		};
/* End PBXSourcesBuildPhase section */

/* Begin PBXVariantGroup section */
		84110B152DE551E100DF91F2 /* Main.storyboard */ = {
			isa = PBXVariantGroup;
			children = (
				84110B162DE551E100DF91F2 /* Base */,
			);
			name = Main.storyboard;
			sourceTree = "<group>";
		};
		84110B1A2DE551E300DF91F2 /* LaunchScreen.storyboard */ = {
			isa = PBXVariantGroup;
			children = (
				84110B1B2DE551E300DF91F2 /* Base */,
			);
			name = LaunchScreen.storyboard;
			sourceTree = "<group>";
		};
/* End PBXVariantGroup section */

/* Begin XCBuildConfiguration section */
		84110B1E2DE551E300DF91F2 /* Debug */ = {
			isa = XCBuildConfiguration;
			buildSettings = {
				ALWAYS_SEARCH_USER_PATHS = NO;
				ASSETCATALOG_COMPILER_GENERATE_SWIFT_ASSET_SYMBOL_EXTENSIONS = YES;
				CLANG_ANALYZER_NONNULL = YES;
				CLANG_ANALYZER_NUMBER_OBJECT_CONVERSION = YES_AGGRESSIVE;
				CLANG_CXX_LANGUAGE_STANDARD = "gnu++20";
				CLANG_ENABLE_MODULES = YES;
				CLANG_ENABLE_OBJC_ARC = YES;
				CLANG_ENABLE_OBJC_WEAK = YES;
				CLANG_WARN_BLOCK_CAPTURE_AUTORELEASING = YES;
				CLANG_WARN_BOOL_CONVERSION = YES;
				CLANG_WARN_COMMA = YES;
				CLANG_WARN_CONSTANT_CONVERSION = YES;
				CLANG_WARN_DEPRECATED_OBJC_IMPLEMENTATIONS = YES;
				CLANG_WARN_DIRECT_OBJC_ISA_USAGE = YES_ERROR;
				CLANG_WARN_DOCUMENTATION_COMMENTS = YES;
				CLANG_WARN_EMPTY_BODY = YES;
				CLANG_WARN_ENUM_CONVERSION = YES;
				CLANG_WARN_INFINITE_RECURSION = YES;
				CLANG_WARN_INT_CONVERSION = YES;
				CLANG_WARN_NON_LITERAL_NULL_CONVERSION = YES;
				CLANG_WARN_OBJC_IMPLICIT_RETAIN_SELF = YES;
				CLANG_WARN_OBJC_LITERAL_CONVERSION = YES;
				CLANG_WARN_OBJC_ROOT_CLASS = YES_ERROR;
				CLANG_WARN_QUOTED_INCLUDE_IN_FRAMEWORK_HEADER = YES;
				CLANG_WARN_RANGE_LOOP_ANALYSIS = YES;
				CLANG_WARN_STRICT_PROTOTYPES = YES;
				CLANG_WARN_SUSPICIOUS_MOVE = YES;
				CLANG_WARN_UNGUARDED_AVAILABILITY = YES_AGGRESSIVE;
				CLANG_WARN_UNREACHABLE_CODE = YES;
				CLANG_WARN__DUPLICATE_METHOD_MATCH = YES;
				COPY_PHASE_STRIP = NO;
				DEBUG_INFORMATION_FORMAT = dwarf;
				ENABLE_STRICT_OBJC_MSGSEND = YES;
				ENABLE_TESTABILITY = YES;
				ENABLE_USER_SCRIPT_SANDBOXING = YES;
				GCC_C_LANGUAGE_STANDARD = gnu17;
				GCC_DYNAMIC_NO_PIC = NO;
				GCC_NO_COMMON_BLOCKS = YES;
				GCC_OPTIMIZATION_LEVEL = 0;
				GCC_PREPROCESSOR_DEFINITIONS = (
					"DEBUG=1",
					"$(inherited)",
				);
				GCC_WARN_64_TO_32_BIT_CONVERSION = YES;
				GCC_WARN_ABOUT_RETURN_TYPE = YES_ERROR;
				GCC_WARN_UNDECLARED_SELECTOR = YES;
				GCC_WARN_UNINITIALIZED_AUTOS = YES_AGGRESSIVE;
				GCC_WARN_UNUSED_FUNCTION = YES;
				GCC_WARN_UNUSED_VARIABLE = YES;
				IPHONEOS_DEPLOYMENT_TARGET = 17.0;
				LOCALIZATION_PREFERS_STRING_CATALOGS = YES;
				MTL_ENABLE_DEBUG_INFO = INCLUDE_SOURCE;
				MTL_FAST_MATH = YES;
				ONLY_ACTIVE_ARCH = YES;
				SDKROOT = iphoneos;
				SWIFT_ACTIVE_COMPILATION_CONDITIONS = "DEBUG $(inherited)";
				SWIFT_OPTIMIZATION_LEVEL = "-Onone";
			};
			name = Debug;
		};
		84110B1F2DE551E300DF91F2 /* Release */ = {
			isa = XCBuildConfiguration;
			buildSettings = {
				ALWAYS_SEARCH_USER_PATHS = NO;
				ASSETCATALOG_COMPILER_GENERATE_SWIFT_ASSET_SYMBOL_EXTENSIONS = YES;
				CLANG_ANALYZER_NONNULL = YES;
				CLANG_ANALYZER_NUMBER_OBJECT_CONVERSION = YES_AGGRESSIVE;
				CLANG_CXX_LANGUAGE_STANDARD = "gnu++20";
				CLANG_ENABLE_MODULES = YES;
				CLANG_ENABLE_OBJC_ARC = YES;
				CLANG_ENABLE_OBJC_WEAK = YES;
				CLANG_WARN_BLOCK_CAPTURE_AUTORELEASING = YES;
				CLANG_WARN_BOOL_CONVERSION = YES;
				CLANG_WARN_COMMA = YES;
				CLANG_WARN_CONSTANT_CONVERSION = YES;
				CLANG_WARN_DEPRECATED_OBJC_IMPLEMENTATIONS = YES;
				CLANG_WARN_DIRECT_OBJC_ISA_USAGE = YES_ERROR;
				CLANG_WARN_DOCUMENTATION_COMMENTS = YES;
				CLANG_WARN_EMPTY_BODY = YES;
				CLANG_WARN_ENUM_CONVERSION = YES;
				CLANG_WARN_INFINITE_RECURSION = YES;
				CLANG_WARN_INT_CONVERSION = YES;
				CLANG_WARN_NON_LITERAL_NULL_CONVERSION = YES;
				CLANG_WARN_OBJC_IMPLICIT_RETAIN_SELF = YES;
				CLANG_WARN_OBJC_LITERAL_CONVERSION = YES;
				CLANG_WARN_OBJC_ROOT_CLASS = YES_ERROR;
				CLANG_WARN_QUOTED_INCLUDE_IN_FRAMEWORK_HEADER = YES;
				CLANG_WARN_RANGE_LOOP_ANALYSIS = YES;
				CLANG_WARN_STRICT_PROTOTYPES = YES;
				CLANG_WARN_SUSPICIOUS_MOVE = YES;
				CLANG_WARN_UNGUARDED_AVAILABILITY = YES_AGGRESSIVE;
				CLANG_WARN_UNREACHABLE_CODE = YES;
				CLANG_WARN__DUPLICATE_METHOD_MATCH = YES;
				COPY_PHASE_STRIP = NO;
				DEBUG_INFORMATION_FORMAT = "dwarf-with-dsym";
				ENABLE_NS_ASSERTIONS = NO;
				ENABLE_STRICT_OBJC_MSGSEND = YES;
				ENABLE_USER_SCRIPT_SANDBOXING = YES;
				GCC_C_LANGUAGE_STANDARD = gnu17;
				GCC_NO_COMMON_BLOCKS = YES;
				GCC_WARN_64_TO_32_BIT_CONVERSION = YES;
				GCC_WARN_ABOUT_RETURN_TYPE = YES_ERROR;
				GCC_WARN_UNDECLARED_SELECTOR = YES;
				GCC_WARN_UNINITIALIZED_AUTOS = YES_AGGRESSIVE;
				GCC_WARN_UNUSED_FUNCTION = YES;
				GCC_WARN_UNUSED_VARIABLE = YES;
				IPHONEOS_DEPLOYMENT_TARGET = 17.0;
				LOCALIZATION_PREFERS_STRING_CATALOGS = YES;
				MTL_ENABLE_DEBUG_INFO = NO;
				MTL_FAST_MATH = YES;
				SDKROOT = iphoneos;
				SWIFT_COMPILATION_MODE = wholemodule;
				VALIDATE_PRODUCT = YES;
			};
			name = Release;
		};
		84110B212DE551E300DF91F2 /* Debug */ = {
			isa = XCBuildConfiguration;
			buildSettings = {
				ASSETCATALOG_COMPILER_APPICON_NAME = AppIcon;
				ASSETCATALOG_COMPILER_GLOBAL_ACCENT_COLOR_NAME = AccentColor;
				CODE_SIGN_STYLE = Automatic;
				CURRENT_PROJECT_VERSION = 1;
				GENERATE_INFOPLIST_FILE = YES;
				INFOPLIST_FILE = FreshAlimi/Info.plist;
				INFOPLIST_KEY_UIApplicationSupportsIndirectInputEvents = YES;
				INFOPLIST_KEY_UILaunchStoryboardName = LaunchScreen;
				INFOPLIST_KEY_UIMainStoryboardFile = Main;
				INFOPLIST_KEY_UISupportedInterfaceOrientations_iPad = "UIInterfaceOrientationPortrait UIInterfaceOrientationPortraitUpsideDown UIInterfaceOrientationLandscapeLeft UIInterfaceOrientationLandscapeRight";
				INFOPLIST_KEY_UISupportedInterfaceOrientations_iPhone = "UIInterfaceOrientationPortrait UIInterfaceOrientationLandscapeLeft UIInterfaceOrientationLandscapeRight";
				LD_RUNPATH_SEARCH_PATHS = (
					"$(inherited)",
					"@executable_path/Frameworks",
				);
				MARKETING_VERSION = 1.0;
				PRODUCT_BUNDLE_IDENTIFIER = net.hjsong.FreshAlimi;
				PRODUCT_NAME = "$(TARGET_NAME)";
				SWIFT_EMIT_LOC_STRINGS = YES;
				SWIFT_VERSION = 5.0;
				TARGETED_DEVICE_FAMILY = "1,2";
			};
			name = Debug;
		};
		84110B222DE551E300DF91F2 /* Release */ = {
			isa = XCBuildConfiguration;
			buildSettings = {
				ASSETCATALOG_COMPILER_APPICON_NAME = AppIcon;
				ASSETCATALOG_COMPILER_GLOBAL_ACCENT_COLOR_NAME = AccentColor;
				CODE_SIGN_STYLE = Automatic;
				CURRENT_PROJECT_VERSION = 1;
				GENERATE_INFOPLIST_FILE = YES;
				INFOPLIST_FILE = FreshAlimi/Info.plist;
				INFOPLIST_KEY_UIApplicationSupportsIndirectInputEvents = YES;
				INFOPLIST_KEY_UILaunchStoryboardName = LaunchScreen;
				INFOPLIST_KEY_UIMainStoryboardFile = Main;
				INFOPLIST_KEY_UISupportedInterfaceOrientations_iPad = "UIInterfaceOrientationPortrait UIInterfaceOrientationPortraitUpsideDown UIInterfaceOrientationLandscapeLeft UIInterfaceOrientationLandscapeRight";
				INFOPLIST_KEY_UISupportedInterfaceOrientations_iPhone = "UIInterfaceOrientationPortrait UIInterfaceOrientationLandscapeLeft UIInterfaceOrientationLandscapeRight";
				LD_RUNPATH_SEARCH_PATHS = (
					"$(inherited)",
					"@executable_path/Frameworks",
				);
				MARKETING_VERSION = 1.0;
				PRODUCT_BUNDLE_IDENTIFIER = net.hjsong.FreshAlimi;
				PRODUCT_NAME = "$(TARGET_NAME)";
				SWIFT_EMIT_LOC_STRINGS = YES;
				SWIFT_VERSION = 5.0;
				TARGETED_DEVICE_FAMILY = "1,2";
			};
			name = Release;
		};
/* End XCBuildConfiguration section */

/* Begin XCConfigurationList section */
		84110B072DE551E100DF91F2 /* Build configuration list for PBXProject "FreshAlimi" */ = {
			isa = XCConfigurationList;
			buildConfigurations = (
				84110B1E2DE551E300DF91F2 /* Debug */,
				84110B1F2DE551E300DF91F2 /* Release */,
			);
			defaultConfigurationIsVisible = 0;
			defaultConfigurationName = Release;
		};
		84110B202DE551E300DF91F2 /* Build configuration list for PBXNativeTarget "FreshAlimi" */ = {
			isa = XCConfigurationList;
			buildConfigurations = (
				84110B212DE551E300DF91F2 /* Debug */,
				84110B222DE551E300DF91F2 /* Release */,
			);
			defaultConfigurationIsVisible = 0;
			defaultConfigurationName = Release;
		};
/* End XCConfigurationList section */
	};
	rootObject = 84110B042DE551E100DF91F2 /* Project object */;
}
