// !$*UTF8*$!
{
	archiveVersion = 1;
	classes = {
	};
	objectVersion = 56;
	objects = {

/* Begin PBXBuildFile section */
		8422D5C32DE435CC008EE2E4 /* ElegantCalendar in Frameworks */ = {isa = PBXBuildFile; productRef = 8422D5C22DE435CC008EE2E4 /* ElegantCalendar */; };
		843B1CFA2DE6B9890072B24D /* DiaryWriteView.swift in Sources */ = {isa = PBXBuildFile; fileRef = 843B1CF92DE6B9890072B24D /* DiaryWriteView.swift */; };
		843B1CFC2DE6BBA50072B24D /* HelpView.swift in Sources */ = {isa = PBXBuildFile; fileRef = 843B1CFB2DE6BBA50072B24D /* HelpView.swift */; };
		843FF4882DDC4332003CF1DD /* LaunchScreen.storyboard in Resources */ = {isa = PBXBuildFile; fileRef = 843FF4862DDC4332003CF1DD /* LaunchScreen.storyboard */; };
		843FF4A42DDC46ED003CF1DD /* FSCalendar in Frameworks */ = {isa = PBXBuildFile; productRef = 843FF4A32DDC46ED003CF1DD /* FSCalendar */; };
		844F88F72DED67FD0045A259 /* EmotionComparisonView.swift in Sources */ = {isa = PBXBuildFile; fileRef = 844F88F62DED67FD0045A259 /* EmotionComparisonView.swift */; };
		846A83FB2DDD70640086BB38 /* GeminiService.swift in Sources */ = {isa = PBXBuildFile; fileRef = 846A83FA2DDD70640086BB38 /* GeminiService.swift */; };
		847868A92DF17F5500294596 /* AiDiaryApp.swift in Sources */ = {isa = PBXBuildFile; fileRef = 847868A82DF17F5500294596 /* AiDiaryApp.swift */; };
		84A795342DF00D7500CC3C57 /* gearshape.png in Resources */ = {isa = PBXBuildFile; fileRef = 84A795332DF00D7500CC3C57 /* gearshape.png */; };
		84BFF5422DDEFB7A0040109E /* DiaryModel.xcdatamodeld in Sources */ = {isa = PBXBuildFile; fileRef = 84BFF5402DDEFB7A0040109E /* DiaryModel.xcdatamodeld */; };
		84BFF5462DDEFC360040109E /* DiaryDetailView.swift in Sources */ = {isa = PBXBuildFile; fileRef = 84BFF5452DDEFC360040109E /* DiaryDetailView.swift */; };
		84BFF5492DDEFC700040109E /* DiaryViewModel.swift in Sources */ = {isa = PBXBuildFile; fileRef = 84BFF5482DDEFC700040109E /* DiaryViewModel.swift */; };
		84BFF5522DDF04FD0040109E /* MainView.swift in Sources */ = {isa = PBXBuildFile; fileRef = 84BFF5512DDF04FD0040109E /* MainView.swift */; };
		84BFF5542DDF05380040109E /* SettingsView.swift in Sources */ = {isa = PBXBuildFile; fileRef = 84BFF5532DDF05380040109E /* SettingsView.swift */; };
		84BFF5622DDF05840040109E /* PersistenceController.swift in Sources */ = {isa = PBXBuildFile; fileRef = 84BFF5612DDF05840040109E /* PersistenceController.swift */; };
		84BFF5642DDF05F90040109E /* Assets.xcassets in Resources */ = {isa = PBXBuildFile; fileRef = 84BFF5632DDF05F90040109E /* Assets.xcassets */; };
		84D43E572DE6D01900E3B862 /* UIKitTextView.swift in Sources */ = {isa = PBXBuildFile; fileRef = 84D43E562DE6D01900E3B862 /* UIKitTextView.swift */; };
		84DB6ADE2DF1888F0015D97A /* TodayWeatherView.swift in Sources */ = {isa = PBXBuildFile; fileRef = 84DB6ADD2DF1888F0015D97A /* TodayWeatherView.swift */; };
		84DB6AE02DF1891F0015D97A /* TodayWeatherViewModel.swift in Sources */ = {isa = PBXBuildFile; fileRef = 84DB6ADF2DF1891F0015D97A /* TodayWeatherViewModel.swift */; };
		84DB6AE22DF189570015D97A /* WeatherService.swift in Sources */ = {isa = PBXBuildFile; fileRef = 84DB6AE12DF189570015D97A /* WeatherService.swift */; };
/* End PBXBuildFile section */

/* Begin PBXFileReference section */
		843B1CF92DE6B9890072B24D /* DiaryWriteView.swift */ = {isa = PBXFileReference; lastKnownFileType = sourcecode.swift; path = DiaryWriteView.swift; sourceTree = "<group>"; };
		843B1CFB2DE6BBA50072B24D /* HelpView.swift */ = {isa = PBXFileReference; lastKnownFileType = sourcecode.swift; path = HelpView.swift; sourceTree = "<group>"; };
		843FF4782DDC4330003CF1DD /* AiDiary.app */ = {isa = PBXFileReference; explicitFileType = wrapper.application; includeInIndex = 0; path = AiDiary.app; sourceTree = BUILT_PRODUCTS_DIR; };
		843FF4872DDC4332003CF1DD /* Base */ = {isa = PBXFileReference; lastKnownFileType = file.storyboard; name = Base; path = Base.lproj/LaunchScreen.storyboard; sourceTree = "<group>"; };
		843FF4892DDC4332003CF1DD /* Info.plist */ = {isa = PBXFileReference; lastKnownFileType = text.plist.xml; path = Info.plist; sourceTree = "<group>"; };
		844F88F62DED67FD0045A259 /* EmotionComparisonView.swift */ = {isa = PBXFileReference; lastKnownFileType = sourcecode.swift; path = EmotionComparisonView.swift; sourceTree = "<group>"; };
		846A83FA2DDD70640086BB38 /* GeminiService.swift */ = {isa = PBXFileReference; lastKnownFileType = sourcecode.swift; path = GeminiService.swift; sourceTree = "<group>"; };
		847868A82DF17F5500294596 /* AiDiaryApp.swift */ = {isa = PBXFileReference; lastKnownFileType = sourcecode.swift; path = AiDiaryApp.swift; sourceTree = "<group>"; };
		84A795332DF00D7500CC3C57 /* gearshape.png */ = {isa = PBXFileReference; lastKnownFileType = image.png; path = gearshape.png; sourceTree = "<group>"; };
		84BFF5412DDEFB7A0040109E /* DiaryModel.xcdatamodel */ = {isa = PBXFileReference; lastKnownFileType = wrapper.xcdatamodel; path = DiaryModel.xcdatamodel; sourceTree = "<group>"; };
		84BFF5452DDEFC360040109E /* DiaryDetailView.swift */ = {isa = PBXFileReference; lastKnownFileType = sourcecode.swift; path = DiaryDetailView.swift; sourceTree = "<group>"; };
		84BFF5482DDEFC700040109E /* DiaryViewModel.swift */ = {isa = PBXFileReference; lastKnownFileType = sourcecode.swift; path = DiaryViewModel.swift; sourceTree = "<group>"; };
		84BFF5512DDF04FD0040109E /* MainView.swift */ = {isa = PBXFileReference; lastKnownFileType = sourcecode.swift; path = MainView.swift; sourceTree = "<group>"; };
		84BFF5532DDF05380040109E /* SettingsView.swift */ = {isa = PBXFileReference; lastKnownFileType = sourcecode.swift; path = SettingsView.swift; sourceTree = "<group>"; };
		84BFF5612DDF05840040109E /* PersistenceController.swift */ = {isa = PBXFileReference; lastKnownFileType = sourcecode.swift; path = PersistenceController.swift; sourceTree = "<group>"; };
		84BFF5632DDF05F90040109E /* Assets.xcassets */ = {isa = PBXFileReference; lastKnownFileType = folder.assetcatalog; path = Assets.xcassets; sourceTree = "<group>"; };
		84D43E562DE6D01900E3B862 /* UIKitTextView.swift */ = {isa = PBXFileReference; lastKnownFileType = sourcecode.swift; path = UIKitTextView.swift; sourceTree = "<group>"; };
		84DB6ADD2DF1888F0015D97A /* TodayWeatherView.swift */ = {isa = PBXFileReference; lastKnownFileType = sourcecode.swift; path = TodayWeatherView.swift; sourceTree = "<group>"; };
		84DB6ADF2DF1891F0015D97A /* TodayWeatherViewModel.swift */ = {isa = PBXFileReference; lastKnownFileType = sourcecode.swift; path = TodayWeatherViewModel.swift; sourceTree = "<group>"; };
		84DB6AE12DF189570015D97A /* WeatherService.swift */ = {isa = PBXFileReference; lastKnownFileType = sourcecode.swift; path = WeatherService.swift; sourceTree = "<group>"; };
/* End PBXFileReference section */

/* Begin PBXFrameworksBuildPhase section */
		843FF4752DDC4330003CF1DD /* Frameworks */ = {
			isa = PBXFrameworksBuildPhase;
			buildActionMask = 2147483647;
			files = (
				843FF4A42DDC46ED003CF1DD /* FSCalendar in Frameworks */,
				8422D5C32DE435CC008EE2E4 /* ElegantCalendar in Frameworks */,
			);
			runOnlyForDeploymentPostprocessing = 0;
		};
/* End PBXFrameworksBuildPhase section */

/* Begin PBXGroup section */
		843FF46F2DDC4330003CF1DD = {
			isa = PBXGroup;
			children = (
				843FF47A2DDC4330003CF1DD /* AiDiary */,
				843FF4792DDC4330003CF1DD /* Products */,
			);
			sourceTree = "<group>";
		};
		843FF4792DDC4330003CF1DD /* Products */ = {
			isa = PBXGroup;
			children = (
				843FF4782DDC4330003CF1DD /* AiDiary.app */,
			);
			name = Products;
			sourceTree = "<group>";
		};
		843FF47A2DDC4330003CF1DD /* AiDiary */ = {
			isa = PBXGroup;
			children = (
				845F2D712DFAA0C900ED938C /* App */,
				84695AC22DF157B8005E1635 /* images */,
				84BFF5602DDF057B0040109E /* Persistence */,
				84BFF5472DDEFC5E0040109E /* ViewModels */,
				846A83F22DDD70000086BB38 /* Models */,
				843FF4A12DDC4540003CF1DD /* Resources */,
				843FF4992DDC444F003CF1DD /* Services */,
				843FF4902DDC436D003CF1DD /* Views */,
				843FF4862DDC4332003CF1DD /* LaunchScreen.storyboard */,
				843FF4892DDC4332003CF1DD /* Info.plist */,
			);
			path = AiDiary;
			sourceTree = "<group>";
		};
		843FF4902DDC436D003CF1DD /* Views */ = {
			isa = PBXGroup;
			children = (
				845F2D722DFAA13100ED938C /* Screens */,
				84BFF5572DDF05440040109E /* Components */,
			);
			path = Views;
			sourceTree = "<group>";
		};
		843FF4992DDC444F003CF1DD /* Services */ = {
			isa = PBXGroup;
			children = (
				84DB6AE12DF189570015D97A /* WeatherService.swift */,
				846A83FA2DDD70640086BB38 /* GeminiService.swift */,
			);
			path = Services;
			sourceTree = "<group>";
		};
		843FF4A12DDC4540003CF1DD /* Resources */ = {
			isa = PBXGroup;
			children = (
				84BFF5632DDF05F90040109E /* Assets.xcassets */,
				84BFF5402DDEFB7A0040109E /* DiaryModel.xcdatamodeld */,
			);
			path = Resources;
			sourceTree = "<group>";
		};
		845F2D712DFAA0C900ED938C /* App */ = {
			isa = PBXGroup;
			children = (
				847868A82DF17F5500294596 /* AiDiaryApp.swift */,
			);
			path = App;
			sourceTree = "<group>";
		};
		845F2D722DFAA13100ED938C /* Screens */ = {
			isa = PBXGroup;
			children = (
				84BFF5452DDEFC360040109E /* DiaryDetailView.swift */,
				84BFF5512DDF04FD0040109E /* MainView.swift */,
				84BFF5532DDF05380040109E /* SettingsView.swift */,
				843B1CF92DE6B9890072B24D /* DiaryWriteView.swift */,
				843B1CFB2DE6BBA50072B24D /* HelpView.swift */,
				844F88F62DED67FD0045A259 /* EmotionComparisonView.swift */,
				84DB6ADD2DF1888F0015D97A /* TodayWeatherView.swift */,
				84DB6ADF2DF1891F0015D97A /* TodayWeatherViewModel.swift */,
			);
			path = Screens;
			sourceTree = "<group>";
		};
		84695AC22DF157B8005E1635 /* images */ = {
			isa = PBXGroup;
			children = (
				84A795332DF00D7500CC3C57 /* gearshape.png */,
			);
			path = images;
			sourceTree = "<group>";
		};
		846A83F22DDD70000086BB38 /* Models */ = {
			isa = PBXGroup;
			children = (
			);
			path = Models;
			sourceTree = "<group>";
		};
		84BFF5472DDEFC5E0040109E /* ViewModels */ = {
			isa = PBXGroup;
			children = (
				84BFF5482DDEFC700040109E /* DiaryViewModel.swift */,
			);
			path = ViewModels;
			sourceTree = "<group>";
		};
		84BFF5572DDF05440040109E /* Components */ = {
			isa = PBXGroup;
			children = (
				84D43E562DE6D01900E3B862 /* UIKitTextView.swift */,
			);
			path = Components;
			sourceTree = "<group>";
		};
		84BFF5602DDF057B0040109E /* Persistence */ = {
			isa = PBXGroup;
			children = (
				84BFF5612DDF05840040109E /* PersistenceController.swift */,
			);
			path = Persistence;
			sourceTree = "<group>";
		};
/* End PBXGroup section */

/* Begin PBXNativeTarget section */
		843FF4772DDC4330003CF1DD /* AiDiary */ = {
			isa = PBXNativeTarget;
			buildConfigurationList = 843FF48C2DDC4332003CF1DD /* Build configuration list for PBXNativeTarget "AiDiary" */;
			buildPhases = (
				843FF4742DDC4330003CF1DD /* Sources */,
				843FF4752DDC4330003CF1DD /* Frameworks */,
				843FF4762DDC4330003CF1DD /* Resources */,
			);
			buildRules = (
			);
			dependencies = (
			);
			name = AiDiary;
			packageProductDependencies = (
				843FF4A32DDC46ED003CF1DD /* FSCalendar */,
				8422D5C22DE435CC008EE2E4 /* ElegantCalendar */,
			);
			productName = AiDiary;
			productReference = 843FF4782DDC4330003CF1DD /* AiDiary.app */;
			productType = "com.apple.product-type.application";
		};
/* End PBXNativeTarget section */

/* Begin PBXProject section */
		843FF4702DDC4330003CF1DD /* Project object */ = {
			isa = PBXProject;
			attributes = {
				BuildIndependentTargetsInParallel = 1;
				LastSwiftUpdateCheck = 1500;
				LastUpgradeCheck = 1500;
				TargetAttributes = {
					843FF4772DDC4330003CF1DD = {
						CreatedOnToolsVersion = 15.0.1;
					};
				};
			};
			buildConfigurationList = 843FF4732DDC4330003CF1DD /* Build configuration list for PBXProject "AiDiary" */;
			compatibilityVersion = "Xcode 14.0";
			developmentRegion = en;
			hasScannedForEncodings = 0;
			knownRegions = (
				en,
				Base,
			);
			mainGroup = 843FF46F2DDC4330003CF1DD;
			packageReferences = (
				843FF4A22DDC46ED003CF1DD /* XCRemoteSwiftPackageReference "FSCalendar" */,
				8422D5C12DE435CC008EE2E4 /* XCRemoteSwiftPackageReference "ElegantCalendar" */,
			);
			productRefGroup = 843FF4792DDC4330003CF1DD /* Products */;
			projectDirPath = "";
			projectRoot = "";
			targets = (
				843FF4772DDC4330003CF1DD /* AiDiary */,
			);
		};
/* End PBXProject section */

/* Begin PBXResourcesBuildPhase section */
		843FF4762DDC4330003CF1DD /* Resources */ = {
			isa = PBXResourcesBuildPhase;
			buildActionMask = 2147483647;
			files = (
				84BFF5642DDF05F90040109E /* Assets.xcassets in Resources */,
				843FF4882DDC4332003CF1DD /* LaunchScreen.storyboard in Resources */,
				84A795342DF00D7500CC3C57 /* gearshape.png in Resources */,
			);
			runOnlyForDeploymentPostprocessing = 0;
		};
/* End PBXResourcesBuildPhase section */

/* Begin PBXSourcesBuildPhase section */
		843FF4742DDC4330003CF1DD /* Sources */ = {
			isa = PBXSourcesBuildPhase;
			buildActionMask = 2147483647;
			files = (
				84DB6AE22DF189570015D97A /* WeatherService.swift in Sources */,
				84BFF5492DDEFC700040109E /* DiaryViewModel.swift in Sources */,
				84BFF5462DDEFC360040109E /* DiaryDetailView.swift in Sources */,
				84D43E572DE6D01900E3B862 /* UIKitTextView.swift in Sources */,
				84BFF5422DDEFB7A0040109E /* DiaryModel.xcdatamodeld in Sources */,
				844F88F72DED67FD0045A259 /* EmotionComparisonView.swift in Sources */,
				84BFF5522DDF04FD0040109E /* MainView.swift in Sources */,
				843B1CFA2DE6B9890072B24D /* DiaryWriteView.swift in Sources */,
				84BFF5622DDF05840040109E /* PersistenceController.swift in Sources */,
				84DB6AE02DF1891F0015D97A /* TodayWeatherViewModel.swift in Sources */,
				846A83FB2DDD70640086BB38 /* GeminiService.swift in Sources */,
				847868A92DF17F5500294596 /* AiDiaryApp.swift in Sources */,
				843B1CFC2DE6BBA50072B24D /* HelpView.swift in Sources */,
				84DB6ADE2DF1888F0015D97A /* TodayWeatherView.swift in Sources */,
				84BFF5542DDF05380040109E /* SettingsView.swift in Sources */,
			);
			runOnlyForDeploymentPostprocessing = 0;
		};
/* End PBXSourcesBuildPhase section */

/* Begin PBXVariantGroup section */
		843FF4862DDC4332003CF1DD /* LaunchScreen.storyboard */ = {
			isa = PBXVariantGroup;
			children = (
				843FF4872DDC4332003CF1DD /* Base */,
			);
			name = LaunchScreen.storyboard;
			sourceTree = "<group>";
		};
/* End PBXVariantGroup section */

/* Begin XCBuildConfiguration section */
		843FF48A2DDC4332003CF1DD /* Debug */ = {
			isa = XCBuildConfiguration;
			buildSettings = {
				ALWAYS_SEARCH_USER_PATHS = NO;
				ASSETCATALOG_COMPILER_GENERATE_SWIFT_ASSET_SYMBOL_EXTENSIONS = YES;
				CLANG_ANALYZER_NONNULL = YES;
				CLANG_ANALYZER_NUMBER_OBJECT_CONVERSION = YES_AGGRESSIVE;
				CLANG_CXX_LANGUAGE_STANDARD = "gnu++20";
				CLANG_ENABLE_MODULES = YES;
				CLANG_ENABLE_OBJC_ARC = YES;
				CLANG_ENABLE_OBJC_WEAK = YES;
				CLANG_WARN_BLOCK_CAPTURE_AUTORELEASING = YES;
				CLANG_WARN_BOOL_CONVERSION = YES;
				CLANG_WARN_COMMA = YES;
				CLANG_WARN_CONSTANT_CONVERSION = YES;
				CLANG_WARN_DEPRECATED_OBJC_IMPLEMENTATIONS = YES;
				CLANG_WARN_DIRECT_OBJC_ISA_USAGE = YES_ERROR;
				CLANG_WARN_DOCUMENTATION_COMMENTS = YES;
				CLANG_WARN_EMPTY_BODY = YES;
				CLANG_WARN_ENUM_CONVERSION = YES;
				CLANG_WARN_INFINITE_RECURSION = YES;
				CLANG_WARN_INT_CONVERSION = YES;
				CLANG_WARN_NON_LITERAL_NULL_CONVERSION = YES;
				CLANG_WARN_OBJC_IMPLICIT_RETAIN_SELF = YES;
				CLANG_WARN_OBJC_LITERAL_CONVERSION = YES;
				CLANG_WARN_OBJC_ROOT_CLASS = YES_ERROR;
				CLANG_WARN_QUOTED_INCLUDE_IN_FRAMEWORK_HEADER = YES;
				CLANG_WARN_RANGE_LOOP_ANALYSIS = YES;
				CLANG_WARN_STRICT_PROTOTYPES = YES;
				CLANG_WARN_SUSPICIOUS_MOVE = YES;
				CLANG_WARN_UNGUARDED_AVAILABILITY = YES_AGGRESSIVE;
				CLANG_WARN_UNREACHABLE_CODE = YES;
				CLANG_WARN__DUPLICATE_METHOD_MATCH = YES;
				COPY_PHASE_STRIP = NO;
				DEBUG_INFORMATION_FORMAT = dwarf;
				ENABLE_STRICT_OBJC_MSGSEND = YES;
				ENABLE_TESTABILITY = YES;
				ENABLE_USER_SCRIPT_SANDBOXING = YES;
				GCC_C_LANGUAGE_STANDARD = gnu17;
				GCC_DYNAMIC_NO_PIC = NO;
				GCC_NO_COMMON_BLOCKS = YES;
				GCC_OPTIMIZATION_LEVEL = 0;
				GCC_PREPROCESSOR_DEFINITIONS = (
					"DEBUG=1",
					"$(inherited)",
				);
				GCC_WARN_64_TO_32_BIT_CONVERSION = YES;
				GCC_WARN_ABOUT_RETURN_TYPE = YES_ERROR;
				GCC_WARN_UNDECLARED_SELECTOR = YES;
				GCC_WARN_UNINITIALIZED_AUTOS = YES_AGGRESSIVE;
				GCC_WARN_UNUSED_FUNCTION = YES;
				GCC_WARN_UNUSED_VARIABLE = YES;
				IPHONEOS_DEPLOYMENT_TARGET = 17.0;
				LOCALIZATION_PREFERS_STRING_CATALOGS = YES;
				MTL_ENABLE_DEBUG_INFO = INCLUDE_SOURCE;
				MTL_FAST_MATH = YES;
				ONLY_ACTIVE_ARCH = YES;
				SDKROOT = iphoneos;
				SWIFT_ACTIVE_COMPILATION_CONDITIONS = "DEBUG $(inherited)";
				SWIFT_OPTIMIZATION_LEVEL = "-Onone";
			};
			name = Debug;
		};
		843FF48B2DDC4332003CF1DD /* Release */ = {
			isa = XCBuildConfiguration;
			buildSettings = {
				ALWAYS_SEARCH_USER_PATHS = NO;
				ASSETCATALOG_COMPILER_GENERATE_SWIFT_ASSET_SYMBOL_EXTENSIONS = YES;
				CLANG_ANALYZER_NONNULL = YES;
				CLANG_ANALYZER_NUMBER_OBJECT_CONVERSION = YES_AGGRESSIVE;
				CLANG_CXX_LANGUAGE_STANDARD = "gnu++20";
				CLANG_ENABLE_MODULES = YES;
				CLANG_ENABLE_OBJC_ARC = YES;
				CLANG_ENABLE_OBJC_WEAK = YES;
				CLANG_WARN_BLOCK_CAPTURE_AUTORELEASING = YES;
				CLANG_WARN_BOOL_CONVERSION = YES;
				CLANG_WARN_COMMA = YES;
				CLANG_WARN_CONSTANT_CONVERSION = YES;
				CLANG_WARN_DEPRECATED_OBJC_IMPLEMENTATIONS = YES;
				CLANG_WARN_DIRECT_OBJC_ISA_USAGE = YES_ERROR;
				CLANG_WARN_DOCUMENTATION_COMMENTS = YES;
				CLANG_WARN_EMPTY_BODY = YES;
				CLANG_WARN_ENUM_CONVERSION = YES;
				CLANG_WARN_INFINITE_RECURSION = YES;
				CLANG_WARN_INT_CONVERSION = YES;
				CLANG_WARN_NON_LITERAL_NULL_CONVERSION = YES;
				CLANG_WARN_OBJC_IMPLICIT_RETAIN_SELF = YES;
				CLANG_WARN_OBJC_LITERAL_CONVERSION = YES;
				CLANG_WARN_OBJC_ROOT_CLASS = YES_ERROR;
				CLANG_WARN_QUOTED_INCLUDE_IN_FRAMEWORK_HEADER = YES;
				CLANG_WARN_RANGE_LOOP_ANALYSIS = YES;
				CLANG_WARN_STRICT_PROTOTYPES = YES;
				CLANG_WARN_SUSPICIOUS_MOVE = YES;
				CLANG_WARN_UNGUARDED_AVAILABILITY = YES_AGGRESSIVE;
				CLANG_WARN_UNREACHABLE_CODE = YES;
				CLANG_WARN__DUPLICATE_METHOD_MATCH = YES;
				COPY_PHASE_STRIP = NO;
				DEBUG_INFORMATION_FORMAT = "dwarf-with-dsym";
				ENABLE_NS_ASSERTIONS = NO;
				ENABLE_STRICT_OBJC_MSGSEND = YES;
				ENABLE_USER_SCRIPT_SANDBOXING = YES;
				GCC_C_LANGUAGE_STANDARD = gnu17;
				GCC_NO_COMMON_BLOCKS = YES;
				GCC_WARN_64_TO_32_BIT_CONVERSION = YES;
				GCC_WARN_ABOUT_RETURN_TYPE = YES_ERROR;
				GCC_WARN_UNDECLARED_SELECTOR = YES;
				GCC_WARN_UNINITIALIZED_AUTOS = YES_AGGRESSIVE;
				GCC_WARN_UNUSED_FUNCTION = YES;
				GCC_WARN_UNUSED_VARIABLE = YES;
				IPHONEOS_DEPLOYMENT_TARGET = 17.0;
				LOCALIZATION_PREFERS_STRING_CATALOGS = YES;
				MTL_ENABLE_DEBUG_INFO = NO;
				MTL_FAST_MATH = YES;
				SDKROOT = iphoneos;
				SWIFT_COMPILATION_MODE = wholemodule;
				VALIDATE_PRODUCT = YES;
			};
			name = Release;
		};
		843FF48D2DDC4332003CF1DD /* Debug */ = {
			isa = XCBuildConfiguration;
			buildSettings = {
				ASSETCATALOG_COMPILER_APPICON_NAME = AppIcon;
				ASSETCATALOG_COMPILER_GLOBAL_ACCENT_COLOR_NAME = AccentColor;
				CODE_SIGN_STYLE = Automatic;
				CURRENT_PROJECT_VERSION = 1;
				GENERATE_INFOPLIST_FILE = NO;
				INFOPLIST_FILE = AiDiary/Info.plist;
				INFOPLIST_KEY_UIApplicationSupportsIndirectInputEvents = YES;
				INFOPLIST_KEY_UILaunchStoryboardName = LaunchScreen;
				INFOPLIST_KEY_UIStatusBarStyle = "";
				INFOPLIST_KEY_UISupportedInterfaceOrientations_iPad = "UIInterfaceOrientationPortrait UIInterfaceOrientationPortraitUpsideDown UIInterfaceOrientationLandscapeLeft UIInterfaceOrientationLandscapeRight";
				INFOPLIST_KEY_UISupportedInterfaceOrientations_iPhone = "UIInterfaceOrientationPortrait UIInterfaceOrientationLandscapeLeft UIInterfaceOrientationLandscapeRight";
				LD_RUNPATH_SEARCH_PATHS = (
					"$(inherited)",
					"@executable_path/Frameworks",
				);
				MARKETING_VERSION = 1.0;
				PRODUCT_BUNDLE_IDENTIFIER = com.hjsong.AiDiary;
				PRODUCT_NAME = "$(TARGET_NAME)";
				SWIFT_EMIT_LOC_STRINGS = YES;
				SWIFT_VERSION = 5.0;
				TARGETED_DEVICE_FAMILY = "1,2";
			};
			name = Debug;
		};
		843FF48E2DDC4332003CF1DD /* Release */ = {
			isa = XCBuildConfiguration;
			buildSettings = {
				ASSETCATALOG_COMPILER_APPICON_NAME = AppIcon;
				ASSETCATALOG_COMPILER_GLOBAL_ACCENT_COLOR_NAME = AccentColor;
				CODE_SIGN_STYLE = Automatic;
				CURRENT_PROJECT_VERSION = 1;
				GENERATE_INFOPLIST_FILE = NO;
				INFOPLIST_FILE = AiDiary/Info.plist;
				INFOPLIST_KEY_UIApplicationSupportsIndirectInputEvents = YES;
				INFOPLIST_KEY_UILaunchStoryboardName = LaunchScreen;
				INFOPLIST_KEY_UIStatusBarStyle = "";
				INFOPLIST_KEY_UISupportedInterfaceOrientations_iPad = "UIInterfaceOrientationPortrait UIInterfaceOrientationPortraitUpsideDown UIInterfaceOrientationLandscapeLeft UIInterfaceOrientationLandscapeRight";
				INFOPLIST_KEY_UISupportedInterfaceOrientations_iPhone = "UIInterfaceOrientationPortrait UIInterfaceOrientationLandscapeLeft UIInterfaceOrientationLandscapeRight";
				LD_RUNPATH_SEARCH_PATHS = (
					"$(inherited)",
					"@executable_path/Frameworks",
				);
				MARKETING_VERSION = 1.0;
				PRODUCT_BUNDLE_IDENTIFIER = com.hjsong.AiDiary;
				PRODUCT_NAME = "$(TARGET_NAME)";
				SWIFT_EMIT_LOC_STRINGS = YES;
				SWIFT_VERSION = 5.0;
				TARGETED_DEVICE_FAMILY = "1,2";
			};
			name = Release;
		};
/* End XCBuildConfiguration section */

/* Begin XCConfigurationList section */
		843FF4732DDC4330003CF1DD /* Build configuration list for PBXProject "AiDiary" */ = {
			isa = XCConfigurationList;
			buildConfigurations = (
				843FF48A2DDC4332003CF1DD /* Debug */,
				843FF48B2DDC4332003CF1DD /* Release */,
			);
			defaultConfigurationIsVisible = 0;
			defaultConfigurationName = Release;
		};
		843FF48C2DDC4332003CF1DD /* Build configuration list for PBXNativeTarget "AiDiary" */ = {
			isa = XCConfigurationList;
			buildConfigurations = (
				843FF48D2DDC4332003CF1DD /* Debug */,
				843FF48E2DDC4332003CF1DD /* Release */,
			);
			defaultConfigurationIsVisible = 0;
			defaultConfigurationName = Release;
		};
/* End XCConfigurationList section */

/* Begin XCRemoteSwiftPackageReference section */
		8422D5C12DE435CC008EE2E4 /* XCRemoteSwiftPackageReference "ElegantCalendar" */ = {
			isa = XCRemoteSwiftPackageReference;
			repositoryURL = "https://github.com/ThasianX/ElegantCalendar";
			requirement = {
				kind = upToNextMajorVersion;
				minimumVersion = 4.3.2;
			};
		};
		843FF4A22DDC46ED003CF1DD /* XCRemoteSwiftPackageReference "FSCalendar" */ = {
			isa = XCRemoteSwiftPackageReference;
			repositoryURL = "https://github.com/WenchaoD/FSCalendar";
			requirement = {
				kind = upToNextMajorVersion;
				minimumVersion = 2.8.4;
			};
		};
/* End XCRemoteSwiftPackageReference section */

/* Begin XCSwiftPackageProductDependency section */
		8422D5C22DE435CC008EE2E4 /* ElegantCalendar */ = {
			isa = XCSwiftPackageProductDependency;
			package = 8422D5C12DE435CC008EE2E4 /* XCRemoteSwiftPackageReference "ElegantCalendar" */;
			productName = ElegantCalendar;
		};
		843FF4A32DDC46ED003CF1DD /* FSCalendar */ = {
			isa = XCSwiftPackageProductDependency;
			package = 843FF4A22DDC46ED003CF1DD /* XCRemoteSwiftPackageReference "FSCalendar" */;
			productName = FSCalendar;
		};
/* End XCSwiftPackageProductDependency section */

/* Begin XCVersionGroup section */
		84BFF5402DDEFB7A0040109E /* DiaryModel.xcdatamodeld */ = {
			isa = XCVersionGroup;
			children = (
				84BFF5412DDEFB7A0040109E /* DiaryModel.xcdatamodel */,
			);
			currentVersion = 84BFF5412DDEFB7A0040109E /* DiaryModel.xcdatamodel */;
			path = DiaryModel.xcdatamodeld;
			sourceTree = "<group>";
			versionGroupType = wrapper.xcdatamodel;
		};
/* End XCVersionGroup section */
	};
	rootObject = 843FF4702DDC4330003CF1DD /* Project object */;
}
